
Microsoft Visual Studio Solution File, Format Version 12.00
# Visual Studio Version 16
VisualStudioVersion = 16.0.30907.101
MinimumVisualStudioVersion = 10.0.40219.1
Project("{9A19103F-16F7-4668-BE54-9A1E7A4F7556}") = "CMS.API", "CMS.API\CMS.API.csproj", "{073F4F40-EB98-4F01-A293-6A0B6FC05278}"
EndProject
Project("{FAE04EC0-301F-11D3-BF4B-00C04F79EFBC}") = "CMS.API.UploadModels", "CMS.API.UploadModels\CMS.API.UploadModels.csproj", "{B90F41F6-C855-42E9-B6DC-238A9D7FE1B5}"
EndProject
Project("{FAE04EC0-301F-11D3-BF4B-00C04F79EFBC}") = "CMS.API.DownloadModels", "CMS.API.DownloadModels\CMS.API.DownloadModels.csproj", "{DAE72CA6-FF32-458A-BDBA-9BE188D98D64}"
EndProject
Global
	GlobalSection(SolutionConfigurationPlatforms) = preSolution
		Debug|Any CPU = Debug|Any CPU
		Release|Any CPU = Release|Any CPU
	EndGlobalSection
	GlobalSection(ProjectConfigurationPlatforms) = postSolution
		{073F4F40-EB98-4F01-A293-6A0B6FC05278}.Debug|Any CPU.ActiveCfg = Debug|Any CPU
		{073F4F40-EB98-4F01-A293-6A0B6FC05278}.Debug|Any CPU.Build.0 = Debug|Any CPU
		{073F4F40-EB98-4F01-A293-6A0B6FC05278}.Release|Any CPU.ActiveCfg = Release|Any CPU
		{073F4F40-EB98-4F01-A293-6A0B6FC05278}.Release|Any CPU.Build.0 = Release|Any CPU
		{B90F41F6-C855-42E9-B6DC-238A9D7FE1B5}.Debug|Any CPU.ActiveCfg = Debug|Any CPU
		{B90F41F6-C855-42E9-B6DC-238A9D7FE1B5}.Debug|Any CPU.Build.0 = Debug|Any CPU
		{B90F41F6-C855-42E9-B6DC-238A9D7FE1B5}.Release|Any CPU.ActiveCfg = Release|Any CPU
		{B90F41F6-C855-42E9-B6DC-238A9D7FE1B5}.Release|Any CPU.Build.0 = Release|Any CPU
		{DAE72CA6-FF32-458A-BDBA-9BE188D98D64}.Debug|Any CPU.ActiveCfg = Debug|Any CPU
		{DAE72CA6-FF32-458A-BDBA-9BE188D98D64}.Debug|Any CPU.Build.0 = Debug|Any CPU
		{DAE72CA6-FF32-458A-BDBA-9BE188D98D64}.Release|Any CPU.ActiveCfg = Release|Any CPU
		{DAE72CA6-FF32-458A-BDBA-9BE188D98D64}.Release|Any CPU.Build.0 = Release|Any CPU
	EndGlobalSection
	GlobalSection(SolutionProperties) = preSolution
		HideSolutionNode = FALSE
	EndGlobalSection
	GlobalSection(ExtensibilityGlobals) = postSolution
		SolutionGuid = {222921CF-4359-45AB-BF82-ADAF67B53CBB}
	EndGlobalSection
EndGlobal
